# THIS IS AN AUTOGENERATED FILE. DO NOT EDIT THIS FILE DIRECTLY.
# yarn lockfile v1


"@cmdcode/buff-utils@^1.1.4":
  version "1.1.4"
  resolved "https://registry.yarnpkg.com/@cmdcode/buff-utils/-/buff-utils-1.1.4.tgz#02aa1ccef16d7ce24801e5e5b3477a355b2462e1"
  integrity sha512-zdBfzNy29cn1thczROBS2WAgPhTqX06S8XfYYwzmuHFbxUDBNHCmntlD8iBEiElahpGu/qu0L2aO2U8zn/uznQ==

"@cmdcode/nostr-emitter@^1.1.15":
  version "1.1.15"
  resolved "https://registry.yarnpkg.com/@cmdcode/nostr-emitter/-/nostr-emitter-1.1.15.tgz#6fa73596751383e2a59c119e4dec03ba6e1d9899"
  integrity sha512-I0XBeVKoxHpckHy3cN0BQ9D/5orlN68VpISAjKKI3pvlbxTQ0WR4nGD+mH4KRljKdLOkQ+Pgmk1gGGc98YSbCQ==
  dependencies:
    "@noble/secp256k1" "^1.2.14"
    ws "^8.9.0"

"@noble/secp256k1@^1.2.14":
  version "1.7.0"
  resolved "https://registry.yarnpkg.com/@noble/secp256k1/-/secp256k1-1.7.0.tgz#d15357f7c227e751d90aa06b05a0e5cf993ba8c1"
  integrity sha512-kbacwGSsH/CTout0ZnZWxnW1B+jH/7r/WAAKLBtrRJ/+CUH7lgmQzl3GTrQua3SGKWNSDsS6lmjnDpIJ5Dxyaw==

ws@^8.9.0:
  version "8.11.0"
  resolved "https://registry.yarnpkg.com/ws/-/ws-8.11.0.tgz#6a0d36b8edfd9f96d8b25683db2f8d7de6e8e143"
  integrity sha512-HPG3wQd9sNQoT9xHyNCXoDUa+Xw/VevmY9FoHyQ+g+rrMn4j6FB4np7Z0OhdTgjx6MgQLK7jwSy1YecU1+4Asg==
